
Microsoft Visual Studio Solution File, Format Version 12.00
# Visual Studio Version 16
VisualStudioVersion = 16.0.29509.3
MinimumVisualStudioVersion = 10.0.40219.1
Project("{2D0AA192-2AA6-4E92-AB12-0BAEBD13D95D}") = "GeneXus.Editors.PropertiesLanguage", "GeneXus.Editors.PropertiesLanguage.csproj", "{77DDE6E8-490B-49DA-A1D4-44EF92167260}"
EndProject
Global
	GlobalSection(SolutionConfigurationPlatforms) = preSolution
		Debug|Any CPU = Debug|Any CPU
		Release|Any CPU = Release|Any CPU
	EndGlobalSection
	GlobalSection(ProjectConfigurationPlatforms) = postSolution
		{77DDE6E8-490B-49DA-A1D4-44EF92167260}.Debug|Any CPU.ActiveCfg = Debug|Any CPU
		{77DDE6E8-490B-49DA-A1D4-44EF92167260}.Debug|Any CPU.Build.0 = Debug|Any CPU
		{77DDE6E8-490B-49DA-A1D4-44EF92167260}.Release|Any CPU.ActiveCfg = Release|Any CPU
		{77DDE6E8-490B-49DA-A1D4-44EF92167260}.Release|Any CPU.Build.0 = Release|Any CPU
	EndGlobalSection
	GlobalSection(SolutionProperties) = preSolution
		HideSolutionNode = FALSE
	EndGlobalSection
	GlobalSection(ExtensibilityGlobals) = postSolution
		SolutionGuid = {4620A512-0803-413E-80FA-4C92F62A8EC1}
	EndGlobalSection
EndGlobal
